
Microsoft Visual Studio Solution File, Format Version 12.00
# Visual Studio 15
Project("{FAE04EC0-301F-11D3-BF4B-00C04F79EFBC}") = "VuforiaScripts", "VuforiaScripts.csproj", "{EE761A31-AE3D-1C58-C3BD-A90CC1DEF139}"
EndProject
Project("{FAE04EC0-301F-11D3-BF4B-00C04F79EFBC}") = "VuforiaEditorScripts", "VuforiaEditorScripts.csproj", "{D0FA9C47-AE4B-0106-106D-AD9B91570EB1}"
EndProject
Global
	GlobalSection(SolutionConfigurationPlatforms) = preSolution
		Debug|Any CPU = Debug|Any CPU
		Release|Any CPU = Release|Any CPU
	EndGlobalSection
	GlobalSection(ProjectConfigurationPlatforms) = postSolution
		{EE761A31-AE3D-1C58-C3BD-A90CC1DEF139}.Debug|Any CPU.ActiveCfg = Debug|Any CPU
		{EE761A31-AE3D-1C58-C3BD-A90CC1DEF139}.Debug|Any CPU.Build.0 = Debug|Any CPU
		{EE761A31-AE3D-1C58-C3BD-A90CC1DEF139}.Release|Any CPU.ActiveCfg = Release|Any CPU
		{EE761A31-AE3D-1C58-C3BD-A90CC1DEF139}.Release|Any CPU.Build.0 = Release|Any CPU
		{D0FA9C47-AE4B-0106-106D-AD9B91570EB1}.Debug|Any CPU.ActiveCfg = Debug|Any CPU
		{D0FA9C47-AE4B-0106-106D-AD9B91570EB1}.Debug|Any CPU.Build.0 = Debug|Any CPU
		{D0FA9C47-AE4B-0106-106D-AD9B91570EB1}.Release|Any CPU.ActiveCfg = Release|Any CPU
		{D0FA9C47-AE4B-0106-106D-AD9B91570EB1}.Release|Any CPU.Build.0 = Release|Any CPU
	EndGlobalSection
	GlobalSection(SolutionProperties) = preSolution
		HideSolutionNode = FALSE
	EndGlobalSection
	GlobalSection(MonoDevelopProperties) = preSolution
		StartupItem = Assembly-CSharp.csproj
	EndGlobalSection
EndGlobal
